
Microsoft Visual Studio Solution File, Format Version 12.00
# Visual Studio Version 16
VisualStudioVersion = 16.0.29215.179
MinimumVisualStudioVersion = 10.0.40219.1
Project("{2150E333-8FDC-42A3-9474-1A3956D46DE8}") = "src", "src", "{094FBA78-1265-4B2A-A7C6-46B8AD420D1B}"
EndProject
Project("{2150E333-8FDC-42A3-9474-1A3956D46DE8}") = "1-Presentation", "1-Presentation", "{68CCE9AA-0E76-4F43-9C77-1AC05A755176}"
EndProject
Project("{2150E333-8FDC-42A3-9474-1A3956D46DE8}") = "2-Application", "2-Application", "{EDCED01B-B884-415C-972B-7D6257256919}"
EndProject
Project("{2150E333-8FDC-42A3-9474-1A3956D46DE8}") = "3-Domain", "3-Domain", "{D4FE854B-07DD-4C60-81D3-5B75912CE2F8}"
EndProject
Project("{2150E333-8FDC-42A3-9474-1A3956D46DE8}") = "5-Infrastructure", "5-Infrastructure", "{2F74256B-F2C2-494A-82AE-97722C2A4F4B}"
EndProject
Project("{2150E333-8FDC-42A3-9474-1A3956D46DE8}") = "6-Common", "6-Common", "{042FD3BE-DA74-462B-8F16-E6D1ADFC7454}"
EndProject
Project("{9A19103F-16F7-4668-BE54-9A1E7A4F7556}") = "Hao.Core", "src\5-Infrastructure\Hao.Core\Hao.Core.csproj", "{62676D40-A674-4F4E-A71E-2FE0794EFCAC}"
EndProject
Project("{9A19103F-16F7-4668-BE54-9A1E7A4F7556}") = "Hao.AppService", "src\2-Application\Hao.AppService\Hao.AppService.csproj", "{12CFDD69-B708-45D2-9C61-6DF13C3DDCBB}"
EndProject
Project("{9A19103F-16F7-4668-BE54-9A1E7A4F7556}") = "Hao.Model", "src\3-Domain\Hao.Model\Hao.Model.csproj", "{9B51830B-0762-48B4-977F-DBF5E0F87801}"
EndProject
Project("{9A19103F-16F7-4668-BE54-9A1E7A4F7556}") = "Hao.Utility", "src\6-Common\Hao.Utility\Hao.Utility.csproj", "{91143364-6C4A-4E9D-81ED-C8789A7C6BAE}"
EndProject
Project("{9A19103F-16F7-4668-BE54-9A1E7A4F7556}") = "Hao.Library", "src\5-Infrastructure\Hao.Library\Hao.Library.csproj", "{5EF9EA34-DA63-4B41-9D0D-4BF3D1A7CABF}"
EndProject
Project("{9A19103F-16F7-4668-BE54-9A1E7A4F7556}") = "Hao.Encrypt", "src\6-Common\Hao.Encrypt\Hao.Encrypt.csproj", "{167DCDA2-4549-45CA-BE67-A9B53BE4998B}"
EndProject
Project("{9A19103F-16F7-4668-BE54-9A1E7A4F7556}") = "Hao.Enum", "src\3-Domain\Hao.Enum\Hao.Enum.csproj", "{25BCF8DF-2336-46B7-9662-C4F4D7980EB4}"
EndProject
Project("{9A19103F-16F7-4668-BE54-9A1E7A4F7556}") = "Hao.EventData", "src\3-Domain\Hao.EventData\Hao.EventData.csproj", "{271A0FB7-538E-417C-BD67-9C2FF6E49169}"
EndProject
Project("{9A19103F-16F7-4668-BE54-9A1E7A4F7556}") = "Hao.Snowflake", "src\6-Common\Hao.Snowflake\Hao.Snowflake.csproj", "{0A5E2F50-11A1-457F-8526-5DF11EAE18C6}"
EndProject
Project("{9A19103F-16F7-4668-BE54-9A1E7A4F7556}") = "Hao.Core.Extensions", "src\5-Infrastructure\Hao.Core.Extensions\Hao.Core.Extensions.csproj", "{8ED48A73-C61C-4C7D-8A01-47F564C9DBC1}"
EndProject
Project("{2150E333-8FDC-42A3-9474-1A3956D46DE8}") = "global", "global", "{D70011BA-8944-4796-BC98-AFCA04555DAD}"
	ProjectSection(SolutionItems) = preProject
		Dockerfile = Dockerfile
	EndProjectSection
EndProject
Project("{9A19103F-16F7-4668-BE54-9A1E7A4F7556}") = "Hao.Excel", "src\6-Common\Hao.Excel\Hao.Excel.csproj", "{FF2CC4EA-55D7-423F-9DA4-09F7C719EF9B}"
EndProject
Project("{9A19103F-16F7-4668-BE54-9A1E7A4F7556}") = "HaoHaoPlay_Back.Host", "src\HaoHaoPlay_Back.Host\HaoHaoPlay_Back.Host.csproj", "{92E0E5AD-4B80-4836-8140-FD655FB1ECC2}"
EndProject
Project("{9A19103F-16F7-4668-BE54-9A1E7A4F7556}") = "Hao.WebApi", "src\1-Presentation\Hao.WebApi\Hao.WebApi.csproj", "{8B9FC11F-058B-4691-BDBE-0C70FC65D983}"
EndProject
Project("{9A19103F-16F7-4668-BE54-9A1E7A4F7556}") = "Hao.EventBus", "src\3-Domain\Hao.EventBus\Hao.EventBus.csproj", "{4C3CEA2A-2F53-41DB-A8B0-682DA632D6EA}"
EndProject
Project("{9A19103F-16F7-4668-BE54-9A1E7A4F7556}") = "Hao.TencentCloud.Cos", "src\6-Common\Hao.TencentCloud.Cos\Hao.TencentCloud.Cos.csproj", "{392F805F-962E-412E-A257-622ACEBCB96F}"
EndProject
Project("{9A19103F-16F7-4668-BE54-9A1E7A4F7556}") = "Hao.Dependency", "src\6-Common\Hao.Dependency\Hao.Dependency.csproj", "{8757D1AE-72B7-4F17-AEBA-79ECF1D78751}"
EndProject
Project("{9A19103F-16F7-4668-BE54-9A1E7A4F7556}") = "Hao.Repository", "src\4-Repository\Hao.Repository\Hao.Repository.csproj", "{B16B7420-5247-4DED-A6DE-2DCDFF14F79D}"
EndProject
Project("{2150E333-8FDC-42A3-9474-1A3956D46DE8}") = "4-Repository", "4-Repository", "{73D4FF4D-8F6A-4C37-8A28-B14245805241}"
EndProject
Project("{9A19103F-16F7-4668-BE54-9A1E7A4F7556}") = "Hao.Word", "src\6-Common\Hao.Word\Hao.Word.csproj", "{622AAC62-509A-4D23-A064-1FD10061A5EE}"
EndProject
Project("{9A19103F-16F7-4668-BE54-9A1E7A4F7556}") = "Hao.Runtime", "src\5-Infrastructure\Hao.Runtime\Hao.Runtime.csproj", "{365D9F26-58D5-4EED-862C-4951E49A917E}"
EndProject
Global
	GlobalSection(SolutionConfigurationPlatforms) = preSolution
		Debug|Any CPU = Debug|Any CPU
		Release|Any CPU = Release|Any CPU
	EndGlobalSection
	GlobalSection(ProjectConfigurationPlatforms) = postSolution
		{62676D40-A674-4F4E-A71E-2FE0794EFCAC}.Debug|Any CPU.ActiveCfg = Debug|Any CPU
		{62676D40-A674-4F4E-A71E-2FE0794EFCAC}.Debug|Any CPU.Build.0 = Debug|Any CPU
		{62676D40-A674-4F4E-A71E-2FE0794EFCAC}.Release|Any CPU.ActiveCfg = Release|Any CPU
		{62676D40-A674-4F4E-A71E-2FE0794EFCAC}.Release|Any CPU.Build.0 = Release|Any CPU
		{12CFDD69-B708-45D2-9C61-6DF13C3DDCBB}.Debug|Any CPU.ActiveCfg = Debug|Any CPU
		{12CFDD69-B708-45D2-9C61-6DF13C3DDCBB}.Debug|Any CPU.Build.0 = Debug|Any CPU
		{12CFDD69-B708-45D2-9C61-6DF13C3DDCBB}.Release|Any CPU.ActiveCfg = Release|Any CPU
		{12CFDD69-B708-45D2-9C61-6DF13C3DDCBB}.Release|Any CPU.Build.0 = Release|Any CPU
		{9B51830B-0762-48B4-977F-DBF5E0F87801}.Debug|Any CPU.ActiveCfg = Debug|Any CPU
		{9B51830B-0762-48B4-977F-DBF5E0F87801}.Debug|Any CPU.Build.0 = Debug|Any CPU
		{9B51830B-0762-48B4-977F-DBF5E0F87801}.Release|Any CPU.ActiveCfg = Release|Any CPU
		{9B51830B-0762-48B4-977F-DBF5E0F87801}.Release|Any CPU.Build.0 = Release|Any CPU
		{91143364-6C4A-4E9D-81ED-C8789A7C6BAE}.Debug|Any CPU.ActiveCfg = Debug|Any CPU
		{91143364-6C4A-4E9D-81ED-C8789A7C6BAE}.Debug|Any CPU.Build.0 = Debug|Any CPU
		{91143364-6C4A-4E9D-81ED-C8789A7C6BAE}.Release|Any CPU.ActiveCfg = Release|Any CPU
		{91143364-6C4A-4E9D-81ED-C8789A7C6BAE}.Release|Any CPU.Build.0 = Release|Any CPU
		{5EF9EA34-DA63-4B41-9D0D-4BF3D1A7CABF}.Debug|Any CPU.ActiveCfg = Debug|Any CPU
		{5EF9EA34-DA63-4B41-9D0D-4BF3D1A7CABF}.Debug|Any CPU.Build.0 = Debug|Any CPU
		{5EF9EA34-DA63-4B41-9D0D-4BF3D1A7CABF}.Release|Any CPU.ActiveCfg = Release|Any CPU
		{5EF9EA34-DA63-4B41-9D0D-4BF3D1A7CABF}.Release|Any CPU.Build.0 = Release|Any CPU
		{167DCDA2-4549-45CA-BE67-A9B53BE4998B}.Debug|Any CPU.ActiveCfg = Debug|Any CPU
		{167DCDA2-4549-45CA-BE67-A9B53BE4998B}.Debug|Any CPU.Build.0 = Debug|Any CPU
		{167DCDA2-4549-45CA-BE67-A9B53BE4998B}.Release|Any CPU.ActiveCfg = Release|Any CPU
		{167DCDA2-4549-45CA-BE67-A9B53BE4998B}.Release|Any CPU.Build.0 = Release|Any CPU
		{25BCF8DF-2336-46B7-9662-C4F4D7980EB4}.Debug|Any CPU.ActiveCfg = Debug|Any CPU
		{25BCF8DF-2336-46B7-9662-C4F4D7980EB4}.Debug|Any CPU.Build.0 = Debug|Any CPU
		{25BCF8DF-2336-46B7-9662-C4F4D7980EB4}.Release|Any CPU.ActiveCfg = Release|Any CPU
		{25BCF8DF-2336-46B7-9662-C4F4D7980EB4}.Release|Any CPU.Build.0 = Release|Any CPU
		{271A0FB7-538E-417C-BD67-9C2FF6E49169}.Debug|Any CPU.ActiveCfg = Debug|Any CPU
		{271A0FB7-538E-417C-BD67-9C2FF6E49169}.Debug|Any CPU.Build.0 = Debug|Any CPU
		{271A0FB7-538E-417C-BD67-9C2FF6E49169}.Release|Any CPU.ActiveCfg = Release|Any CPU
		{271A0FB7-538E-417C-BD67-9C2FF6E49169}.Release|Any CPU.Build.0 = Release|Any CPU
		{0A5E2F50-11A1-457F-8526-5DF11EAE18C6}.Debug|Any CPU.ActiveCfg = Debug|Any CPU
		{0A5E2F50-11A1-457F-8526-5DF11EAE18C6}.Debug|Any CPU.Build.0 = Debug|Any CPU
		{0A5E2F50-11A1-457F-8526-5DF11EAE18C6}.Release|Any CPU.ActiveCfg = Release|Any CPU
		{0A5E2F50-11A1-457F-8526-5DF11EAE18C6}.Release|Any CPU.Build.0 = Release|Any CPU
		{8ED48A73-C61C-4C7D-8A01-47F564C9DBC1}.Debug|Any CPU.ActiveCfg = Debug|Any CPU
		{8ED48A73-C61C-4C7D-8A01-47F564C9DBC1}.Debug|Any CPU.Build.0 = Debug|Any CPU
		{8ED48A73-C61C-4C7D-8A01-47F564C9DBC1}.Release|Any CPU.ActiveCfg = Release|Any CPU
		{8ED48A73-C61C-4C7D-8A01-47F564C9DBC1}.Release|Any CPU.Build.0 = Release|Any CPU
		{FF2CC4EA-55D7-423F-9DA4-09F7C719EF9B}.Debug|Any CPU.ActiveCfg = Debug|Any CPU
		{FF2CC4EA-55D7-423F-9DA4-09F7C719EF9B}.Debug|Any CPU.Build.0 = Debug|Any CPU
		{FF2CC4EA-55D7-423F-9DA4-09F7C719EF9B}.Release|Any CPU.ActiveCfg = Release|Any CPU
		{FF2CC4EA-55D7-423F-9DA4-09F7C719EF9B}.Release|Any CPU.Build.0 = Release|Any CPU
		{92E0E5AD-4B80-4836-8140-FD655FB1ECC2}.Debug|Any CPU.ActiveCfg = Debug|Any CPU
		{92E0E5AD-4B80-4836-8140-FD655FB1ECC2}.Debug|Any CPU.Build.0 = Debug|Any CPU
		{92E0E5AD-4B80-4836-8140-FD655FB1ECC2}.Release|Any CPU.ActiveCfg = Release|Any CPU
		{92E0E5AD-4B80-4836-8140-FD655FB1ECC2}.Release|Any CPU.Build.0 = Release|Any CPU
		{8B9FC11F-058B-4691-BDBE-0C70FC65D983}.Debug|Any CPU.ActiveCfg = Debug|Any CPU
		{8B9FC11F-058B-4691-BDBE-0C70FC65D983}.Debug|Any CPU.Build.0 = Debug|Any CPU
		{8B9FC11F-058B-4691-BDBE-0C70FC65D983}.Release|Any CPU.ActiveCfg = Release|Any CPU
		{8B9FC11F-058B-4691-BDBE-0C70FC65D983}.Release|Any CPU.Build.0 = Release|Any CPU
		{4C3CEA2A-2F53-41DB-A8B0-682DA632D6EA}.Debug|Any CPU.ActiveCfg = Debug|Any CPU
		{4C3CEA2A-2F53-41DB-A8B0-682DA632D6EA}.Debug|Any CPU.Build.0 = Debug|Any CPU
		{4C3CEA2A-2F53-41DB-A8B0-682DA632D6EA}.Release|Any CPU.ActiveCfg = Release|Any CPU
		{4C3CEA2A-2F53-41DB-A8B0-682DA632D6EA}.Release|Any CPU.Build.0 = Release|Any CPU
		{392F805F-962E-412E-A257-622ACEBCB96F}.Debug|Any CPU.ActiveCfg = Debug|Any CPU
		{392F805F-962E-412E-A257-622ACEBCB96F}.Debug|Any CPU.Build.0 = Debug|Any CPU
		{392F805F-962E-412E-A257-622ACEBCB96F}.Release|Any CPU.ActiveCfg = Release|Any CPU
		{392F805F-962E-412E-A257-622ACEBCB96F}.Release|Any CPU.Build.0 = Release|Any CPU
		{8757D1AE-72B7-4F17-AEBA-79ECF1D78751}.Debug|Any CPU.ActiveCfg = Debug|Any CPU
		{8757D1AE-72B7-4F17-AEBA-79ECF1D78751}.Debug|Any CPU.Build.0 = Debug|Any CPU
		{8757D1AE-72B7-4F17-AEBA-79ECF1D78751}.Release|Any CPU.ActiveCfg = Release|Any CPU
		{8757D1AE-72B7-4F17-AEBA-79ECF1D78751}.Release|Any CPU.Build.0 = Release|Any CPU
		{B16B7420-5247-4DED-A6DE-2DCDFF14F79D}.Debug|Any CPU.ActiveCfg = Debug|Any CPU
		{B16B7420-5247-4DED-A6DE-2DCDFF14F79D}.Debug|Any CPU.Build.0 = Debug|Any CPU
		{B16B7420-5247-4DED-A6DE-2DCDFF14F79D}.Release|Any CPU.ActiveCfg = Release|Any CPU
		{B16B7420-5247-4DED-A6DE-2DCDFF14F79D}.Release|Any CPU.Build.0 = Release|Any CPU
		{622AAC62-509A-4D23-A064-1FD10061A5EE}.Debug|Any CPU.ActiveCfg = Debug|Any CPU
		{622AAC62-509A-4D23-A064-1FD10061A5EE}.Debug|Any CPU.Build.0 = Debug|Any CPU
		{622AAC62-509A-4D23-A064-1FD10061A5EE}.Release|Any CPU.ActiveCfg = Release|Any CPU
		{622AAC62-509A-4D23-A064-1FD10061A5EE}.Release|Any CPU.Build.0 = Release|Any CPU
		{365D9F26-58D5-4EED-862C-4951E49A917E}.Debug|Any CPU.ActiveCfg = Debug|Any CPU
		{365D9F26-58D5-4EED-862C-4951E49A917E}.Debug|Any CPU.Build.0 = Debug|Any CPU
		{365D9F26-58D5-4EED-862C-4951E49A917E}.Release|Any CPU.ActiveCfg = Release|Any CPU
		{365D9F26-58D5-4EED-862C-4951E49A917E}.Release|Any CPU.Build.0 = Release|Any CPU
	EndGlobalSection
	GlobalSection(SolutionProperties) = preSolution
		HideSolutionNode = FALSE
	EndGlobalSection
	GlobalSection(NestedProjects) = preSolution
		{68CCE9AA-0E76-4F43-9C77-1AC05A755176} = {094FBA78-1265-4B2A-A7C6-46B8AD420D1B}
		{EDCED01B-B884-415C-972B-7D6257256919} = {094FBA78-1265-4B2A-A7C6-46B8AD420D1B}
		{D4FE854B-07DD-4C60-81D3-5B75912CE2F8} = {094FBA78-1265-4B2A-A7C6-46B8AD420D1B}
		{2F74256B-F2C2-494A-82AE-97722C2A4F4B} = {094FBA78-1265-4B2A-A7C6-46B8AD420D1B}
		{042FD3BE-DA74-462B-8F16-E6D1ADFC7454} = {094FBA78-1265-4B2A-A7C6-46B8AD420D1B}
		{62676D40-A674-4F4E-A71E-2FE0794EFCAC} = {2F74256B-F2C2-494A-82AE-97722C2A4F4B}
		{12CFDD69-B708-45D2-9C61-6DF13C3DDCBB} = {EDCED01B-B884-415C-972B-7D6257256919}
		{9B51830B-0762-48B4-977F-DBF5E0F87801} = {D4FE854B-07DD-4C60-81D3-5B75912CE2F8}
		{91143364-6C4A-4E9D-81ED-C8789A7C6BAE} = {042FD3BE-DA74-462B-8F16-E6D1ADFC7454}
		{5EF9EA34-DA63-4B41-9D0D-4BF3D1A7CABF} = {2F74256B-F2C2-494A-82AE-97722C2A4F4B}
		{167DCDA2-4549-45CA-BE67-A9B53BE4998B} = {042FD3BE-DA74-462B-8F16-E6D1ADFC7454}
		{25BCF8DF-2336-46B7-9662-C4F4D7980EB4} = {D4FE854B-07DD-4C60-81D3-5B75912CE2F8}
		{271A0FB7-538E-417C-BD67-9C2FF6E49169} = {D4FE854B-07DD-4C60-81D3-5B75912CE2F8}
		{0A5E2F50-11A1-457F-8526-5DF11EAE18C6} = {042FD3BE-DA74-462B-8F16-E6D1ADFC7454}
		{8ED48A73-C61C-4C7D-8A01-47F564C9DBC1} = {2F74256B-F2C2-494A-82AE-97722C2A4F4B}
		{FF2CC4EA-55D7-423F-9DA4-09F7C719EF9B} = {042FD3BE-DA74-462B-8F16-E6D1ADFC7454}
		{8B9FC11F-058B-4691-BDBE-0C70FC65D983} = {68CCE9AA-0E76-4F43-9C77-1AC05A755176}
		{4C3CEA2A-2F53-41DB-A8B0-682DA632D6EA} = {D4FE854B-07DD-4C60-81D3-5B75912CE2F8}
		{392F805F-962E-412E-A257-622ACEBCB96F} = {042FD3BE-DA74-462B-8F16-E6D1ADFC7454}
		{8757D1AE-72B7-4F17-AEBA-79ECF1D78751} = {042FD3BE-DA74-462B-8F16-E6D1ADFC7454}
		{B16B7420-5247-4DED-A6DE-2DCDFF14F79D} = {73D4FF4D-8F6A-4C37-8A28-B14245805241}
		{73D4FF4D-8F6A-4C37-8A28-B14245805241} = {094FBA78-1265-4B2A-A7C6-46B8AD420D1B}
		{622AAC62-509A-4D23-A064-1FD10061A5EE} = {042FD3BE-DA74-462B-8F16-E6D1ADFC7454}
		{365D9F26-58D5-4EED-862C-4951E49A917E} = {2F74256B-F2C2-494A-82AE-97722C2A4F4B}
	EndGlobalSection
	GlobalSection(ExtensibilityGlobals) = postSolution
		SolutionGuid = {5BAAEA79-B086-4D1C-AC3A-B029DF5FA31A}
	EndGlobalSection
EndGlobal
