
Microsoft Visual Studio Solution File, Format Version 12.00
# Visual Studio Version 16
VisualStudioVersion = 16.0.29215.179
MinimumVisualStudioVersion = 10.0.40219.1
Project("{2150E333-8FDC-42A3-9474-1A3956D46DE8}") = "src", "src", "{094FBA78-1265-4B2A-A7C6-46B8AD420D1B}"
EndProject
Project("{9A19103F-16F7-4668-BE54-9A1E7A4F7556}") = "HaoHaoPlay.WebHost", "src\HaoHaoPlay.WebHost\HaoHaoPlay.WebHost.csproj", "{FBCDB9EF-8EB3-444F-BD0E-85F9DC81A900}"
EndProject
Project("{2150E333-8FDC-42A3-9474-1A3956D46DE8}") = "1-WebApi", "1-WebApi", "{68CCE9AA-0E76-4F43-9C77-1AC05A755176}"
EndProject
Project("{2150E333-8FDC-42A3-9474-1A3956D46DE8}") = "2-Application", "2-Application", "{EDCED01B-B884-415C-972B-7D6257256919}"
EndProject
Project("{2150E333-8FDC-42A3-9474-1A3956D46DE8}") = "3-Domain", "3-Domain", "{D4FE854B-07DD-4C60-81D3-5B75912CE2F8}"
EndProject
Project("{2150E333-8FDC-42A3-9474-1A3956D46DE8}") = "4-Infrastructure", "4-Infrastructure", "{2F74256B-F2C2-494A-82AE-97722C2A4F4B}"
EndProject
Project("{9A19103F-16F7-4668-BE54-9A1E7A4F7556}") = "Hao.SqlSugarExtensions", "src\5-Common\Hao.SqlSugarExtensions\Hao.SqlSugarExtensions.csproj", "{6FC4A2B8-AFC8-4F35-A028-F1673F832E52}"
EndProject
Project("{9A19103F-16F7-4668-BE54-9A1E7A4F7556}") = "Hao.Repository", "src\3-Domain\Hao.Repository\Hao.Repository.csproj", "{2ADA8FF1-D817-46E0-9BA4-BE70A540481D}"
EndProject
Project("{9A19103F-16F7-4668-BE54-9A1E7A4F7556}") = "Hao.WebApi", "src\1-WebApi\Hao.WebApi\Hao.WebApi.csproj", "{0C39DA4A-1D39-4200-A233-2D1C6B26EC12}"
EndProject
Project("{2150E333-8FDC-42A3-9474-1A3956D46DE8}") = "5-Common", "5-Common", "{042FD3BE-DA74-462B-8F16-E6D1ADFC7454}"
EndProject
Project("{9A19103F-16F7-4668-BE54-9A1E7A4F7556}") = "Hao.Core", "src\5-Common\Hao.Core\Hao.Core.csproj", "{62676D40-A674-4F4E-A71E-2FE0794EFCAC}"
EndProject
Project("{9A19103F-16F7-4668-BE54-9A1E7A4F7556}") = "Hao.AppService", "src\2-Application\Hao.AppService\Hao.AppService.csproj", "{12CFDD69-B708-45D2-9C61-6DF13C3DDCBB}"
EndProject
Project("{9A19103F-16F7-4668-BE54-9A1E7A4F7556}") = "Hao.Model", "src\3-Domain\Hao.Model\Hao.Model.csproj", "{9B51830B-0762-48B4-977F-DBF5E0F87801}"
EndProject
Project("{9A19103F-16F7-4668-BE54-9A1E7A4F7556}") = "Hao.Utility", "src\5-Common\Hao.Utility\Hao.Utility.csproj", "{91143364-6C4A-4E9D-81ED-C8789A7C6BAE}"
EndProject
Project("{9A19103F-16F7-4668-BE54-9A1E7A4F7556}") = "Hao.Library", "src\4-Infrastructure\Hao.Library\Hao.Library.csproj", "{5EF9EA34-DA63-4B41-9D0D-4BF3D1A7CABF}"
EndProject
Project("{9A19103F-16F7-4668-BE54-9A1E7A4F7556}") = "Hao.Encrypt", "src\5-Common\Hao.Encrypt\Hao.Encrypt.csproj", "{167DCDA2-4549-45CA-BE67-A9B53BE4998B}"
EndProject
Project("{9A19103F-16F7-4668-BE54-9A1E7A4F7556}") = "Hao.Event", "src\3-Domain\Hao.Event\Hao.Event.csproj", "{65505E5C-636B-4007-BC2A-2ABEA25D6097}"
EndProject
Project("{9A19103F-16F7-4668-BE54-9A1E7A4F7556}") = "Hao.File", "src\5-Common\Hao.File\Hao.File.csproj", "{0706834F-676B-4D59-89FB-C374163D72BB}"
EndProject
Project("{2150E333-8FDC-42A3-9474-1A3956D46DE8}") = "test", "test", "{24D9690F-D45B-469F-A5A2-C2006330B3F4}"
EndProject
Global
	GlobalSection(SolutionConfigurationPlatforms) = preSolution
		Debug|Any CPU = Debug|Any CPU
		Release|Any CPU = Release|Any CPU
	EndGlobalSection
	GlobalSection(ProjectConfigurationPlatforms) = postSolution
		{FBCDB9EF-8EB3-444F-BD0E-85F9DC81A900}.Debug|Any CPU.ActiveCfg = Debug|Any CPU
		{FBCDB9EF-8EB3-444F-BD0E-85F9DC81A900}.Debug|Any CPU.Build.0 = Debug|Any CPU
		{FBCDB9EF-8EB3-444F-BD0E-85F9DC81A900}.Release|Any CPU.ActiveCfg = Release|Any CPU
		{FBCDB9EF-8EB3-444F-BD0E-85F9DC81A900}.Release|Any CPU.Build.0 = Release|Any CPU
		{6FC4A2B8-AFC8-4F35-A028-F1673F832E52}.Debug|Any CPU.ActiveCfg = Debug|Any CPU
		{6FC4A2B8-AFC8-4F35-A028-F1673F832E52}.Debug|Any CPU.Build.0 = Debug|Any CPU
		{6FC4A2B8-AFC8-4F35-A028-F1673F832E52}.Release|Any CPU.ActiveCfg = Release|Any CPU
		{6FC4A2B8-AFC8-4F35-A028-F1673F832E52}.Release|Any CPU.Build.0 = Release|Any CPU
		{2ADA8FF1-D817-46E0-9BA4-BE70A540481D}.Debug|Any CPU.ActiveCfg = Debug|Any CPU
		{2ADA8FF1-D817-46E0-9BA4-BE70A540481D}.Debug|Any CPU.Build.0 = Debug|Any CPU
		{2ADA8FF1-D817-46E0-9BA4-BE70A540481D}.Release|Any CPU.ActiveCfg = Release|Any CPU
		{2ADA8FF1-D817-46E0-9BA4-BE70A540481D}.Release|Any CPU.Build.0 = Release|Any CPU
		{0C39DA4A-1D39-4200-A233-2D1C6B26EC12}.Debug|Any CPU.ActiveCfg = Debug|Any CPU
		{0C39DA4A-1D39-4200-A233-2D1C6B26EC12}.Debug|Any CPU.Build.0 = Debug|Any CPU
		{0C39DA4A-1D39-4200-A233-2D1C6B26EC12}.Release|Any CPU.ActiveCfg = Release|Any CPU
		{0C39DA4A-1D39-4200-A233-2D1C6B26EC12}.Release|Any CPU.Build.0 = Release|Any CPU
		{62676D40-A674-4F4E-A71E-2FE0794EFCAC}.Debug|Any CPU.ActiveCfg = Debug|Any CPU
		{62676D40-A674-4F4E-A71E-2FE0794EFCAC}.Debug|Any CPU.Build.0 = Debug|Any CPU
		{62676D40-A674-4F4E-A71E-2FE0794EFCAC}.Release|Any CPU.ActiveCfg = Release|Any CPU
		{62676D40-A674-4F4E-A71E-2FE0794EFCAC}.Release|Any CPU.Build.0 = Release|Any CPU
		{12CFDD69-B708-45D2-9C61-6DF13C3DDCBB}.Debug|Any CPU.ActiveCfg = Debug|Any CPU
		{12CFDD69-B708-45D2-9C61-6DF13C3DDCBB}.Debug|Any CPU.Build.0 = Debug|Any CPU
		{12CFDD69-B708-45D2-9C61-6DF13C3DDCBB}.Release|Any CPU.ActiveCfg = Release|Any CPU
		{12CFDD69-B708-45D2-9C61-6DF13C3DDCBB}.Release|Any CPU.Build.0 = Release|Any CPU
		{9B51830B-0762-48B4-977F-DBF5E0F87801}.Debug|Any CPU.ActiveCfg = Debug|Any CPU
		{9B51830B-0762-48B4-977F-DBF5E0F87801}.Debug|Any CPU.Build.0 = Debug|Any CPU
		{9B51830B-0762-48B4-977F-DBF5E0F87801}.Release|Any CPU.ActiveCfg = Release|Any CPU
		{9B51830B-0762-48B4-977F-DBF5E0F87801}.Release|Any CPU.Build.0 = Release|Any CPU
		{91143364-6C4A-4E9D-81ED-C8789A7C6BAE}.Debug|Any CPU.ActiveCfg = Debug|Any CPU
		{91143364-6C4A-4E9D-81ED-C8789A7C6BAE}.Debug|Any CPU.Build.0 = Debug|Any CPU
		{91143364-6C4A-4E9D-81ED-C8789A7C6BAE}.Release|Any CPU.ActiveCfg = Release|Any CPU
		{91143364-6C4A-4E9D-81ED-C8789A7C6BAE}.Release|Any CPU.Build.0 = Release|Any CPU
		{5EF9EA34-DA63-4B41-9D0D-4BF3D1A7CABF}.Debug|Any CPU.ActiveCfg = Debug|Any CPU
		{5EF9EA34-DA63-4B41-9D0D-4BF3D1A7CABF}.Debug|Any CPU.Build.0 = Debug|Any CPU
		{5EF9EA34-DA63-4B41-9D0D-4BF3D1A7CABF}.Release|Any CPU.ActiveCfg = Release|Any CPU
		{5EF9EA34-DA63-4B41-9D0D-4BF3D1A7CABF}.Release|Any CPU.Build.0 = Release|Any CPU
		{167DCDA2-4549-45CA-BE67-A9B53BE4998B}.Debug|Any CPU.ActiveCfg = Debug|Any CPU
		{167DCDA2-4549-45CA-BE67-A9B53BE4998B}.Debug|Any CPU.Build.0 = Debug|Any CPU
		{167DCDA2-4549-45CA-BE67-A9B53BE4998B}.Release|Any CPU.ActiveCfg = Release|Any CPU
		{167DCDA2-4549-45CA-BE67-A9B53BE4998B}.Release|Any CPU.Build.0 = Release|Any CPU
		{65505E5C-636B-4007-BC2A-2ABEA25D6097}.Debug|Any CPU.ActiveCfg = Debug|Any CPU
		{65505E5C-636B-4007-BC2A-2ABEA25D6097}.Debug|Any CPU.Build.0 = Debug|Any CPU
		{65505E5C-636B-4007-BC2A-2ABEA25D6097}.Release|Any CPU.ActiveCfg = Release|Any CPU
		{65505E5C-636B-4007-BC2A-2ABEA25D6097}.Release|Any CPU.Build.0 = Release|Any CPU
		{0706834F-676B-4D59-89FB-C374163D72BB}.Debug|Any CPU.ActiveCfg = Debug|Any CPU
		{0706834F-676B-4D59-89FB-C374163D72BB}.Debug|Any CPU.Build.0 = Debug|Any CPU
		{0706834F-676B-4D59-89FB-C374163D72BB}.Release|Any CPU.ActiveCfg = Release|Any CPU
		{0706834F-676B-4D59-89FB-C374163D72BB}.Release|Any CPU.Build.0 = Release|Any CPU
	EndGlobalSection
	GlobalSection(SolutionProperties) = preSolution
		HideSolutionNode = FALSE
	EndGlobalSection
	GlobalSection(NestedProjects) = preSolution
		{FBCDB9EF-8EB3-444F-BD0E-85F9DC81A900} = {094FBA78-1265-4B2A-A7C6-46B8AD420D1B}
		{68CCE9AA-0E76-4F43-9C77-1AC05A755176} = {094FBA78-1265-4B2A-A7C6-46B8AD420D1B}
		{EDCED01B-B884-415C-972B-7D6257256919} = {094FBA78-1265-4B2A-A7C6-46B8AD420D1B}
		{D4FE854B-07DD-4C60-81D3-5B75912CE2F8} = {094FBA78-1265-4B2A-A7C6-46B8AD420D1B}
		{2F74256B-F2C2-494A-82AE-97722C2A4F4B} = {094FBA78-1265-4B2A-A7C6-46B8AD420D1B}
		{6FC4A2B8-AFC8-4F35-A028-F1673F832E52} = {042FD3BE-DA74-462B-8F16-E6D1ADFC7454}
		{2ADA8FF1-D817-46E0-9BA4-BE70A540481D} = {D4FE854B-07DD-4C60-81D3-5B75912CE2F8}
		{0C39DA4A-1D39-4200-A233-2D1C6B26EC12} = {68CCE9AA-0E76-4F43-9C77-1AC05A755176}
		{042FD3BE-DA74-462B-8F16-E6D1ADFC7454} = {094FBA78-1265-4B2A-A7C6-46B8AD420D1B}
		{62676D40-A674-4F4E-A71E-2FE0794EFCAC} = {042FD3BE-DA74-462B-8F16-E6D1ADFC7454}
		{12CFDD69-B708-45D2-9C61-6DF13C3DDCBB} = {EDCED01B-B884-415C-972B-7D6257256919}
		{9B51830B-0762-48B4-977F-DBF5E0F87801} = {D4FE854B-07DD-4C60-81D3-5B75912CE2F8}
		{91143364-6C4A-4E9D-81ED-C8789A7C6BAE} = {042FD3BE-DA74-462B-8F16-E6D1ADFC7454}
		{5EF9EA34-DA63-4B41-9D0D-4BF3D1A7CABF} = {2F74256B-F2C2-494A-82AE-97722C2A4F4B}
		{167DCDA2-4549-45CA-BE67-A9B53BE4998B} = {042FD3BE-DA74-462B-8F16-E6D1ADFC7454}
		{65505E5C-636B-4007-BC2A-2ABEA25D6097} = {D4FE854B-07DD-4C60-81D3-5B75912CE2F8}
		{0706834F-676B-4D59-89FB-C374163D72BB} = {042FD3BE-DA74-462B-8F16-E6D1ADFC7454}
	EndGlobalSection
	GlobalSection(ExtensibilityGlobals) = postSolution
		SolutionGuid = {5BAAEA79-B086-4D1C-AC3A-B029DF5FA31A}
	EndGlobalSection
EndGlobal
